// !$*UTF8*$!
{
	archiveVersion = 1;
	classes = {
	};
	objectVersion = 46;
	objects = {

/* Begin PBXBuildFile section */
		3F17F4101D357BC60050865F /* Moving.swift in Sources */ = {isa = PBXBuildFile; fileRef = 3F17F40F1D357BC60050865F /* Moving.swift */; };
		3F1C77E51D2DAC8300FA8A81 /* LevelsViewController.swift in Sources */ = {isa = PBXBuildFile; fileRef = 3F1C77E41D2DAC8300FA8A81 /* LevelsViewController.swift */; };
		3F1CD3711D311C6F00A57288 /* Motion.swift in Sources */ = {isa = PBXBuildFile; fileRef = 3F1CD3701D311C6F00A57288 /* Motion.swift */; };
		3F1CD3731D31356100A57288 /* MotionMulti.swift in Sources */ = {isa = PBXBuildFile; fileRef = 3F1CD3721D31356100A57288 /* MotionMulti.swift */; };
		3F1CD3751D3135C300A57288 /* MotionBigSmall.swift in Sources */ = {isa = PBXBuildFile; fileRef = 3F1CD3741D3135C300A57288 /* MotionBigSmall.swift */; };
		3F1CD3771D313A2100A57288 /* Levels_Protocols.swift in Sources */ = {isa = PBXBuildFile; fileRef = 3F1CD3761D313A2100A57288 /* Levels_Protocols.swift */; };
		3F26F9711D30B7F8006EC3F7 /* Bigs_and_Smalls.swift in Sources */ = {isa = PBXBuildFile; fileRef = 3F26F9701D30B7F8006EC3F7 /* Bigs_and_Smalls.swift */; };
		3F2AED131D3039B700206EA0 /* MultiTouch.swift in Sources */ = {isa = PBXBuildFile; fileRef = 3F2AED121D3039B700206EA0 /* MultiTouch.swift */; };
		3F7214981D2821BB00EF9399 /* LevelConfigurations.plist in Resources */ = {isa = PBXBuildFile; fileRef = 3F7214971D2821BB00EF9399 /* LevelConfigurations.plist */; };
		3F72149A1D282BB100EF9399 /* LevelConfigurations.swift in Sources */ = {isa = PBXBuildFile; fileRef = 3F7214991D282BB100EF9399 /* LevelConfigurations.swift */; };
		3F7755F01D32F4F4005484F1 /* Locked.swift in Sources */ = {isa = PBXBuildFile; fileRef = 3F7755EF1D32F4F4005484F1 /* Locked.swift */; };
		3F84AF4C1D36D137001EF670 /* LevelCell.swift in Sources */ = {isa = PBXBuildFile; fileRef = 3F84AF4B1D36D137001EF670 /* LevelCell.swift */; };
		3FD28FB21D2050FA004F1964 /* Touch.caf in Resources */ = {isa = PBXBuildFile; fileRef = 3FD28FB11D2050FA004F1964 /* Touch.caf */; };
		3FD28FB61D2053EC004F1964 /* Alert.caf in Resources */ = {isa = PBXBuildFile; fileRef = 3FD28FB31D2053EC004F1964 /* Alert.caf */; };
		3FE1690B1D1ECFAD0038A7B3 /* ProgressNode.swift in Sources */ = {isa = PBXBuildFile; fileRef = 3FE1690A1D1ECFAD0038A7B3 /* ProgressNode.swift */; };
		3FE49FCD1D2F259C00ABAFA4 /* Vanilla_Easy.swift in Sources */ = {isa = PBXBuildFile; fileRef = 3FE49FCC1D2F259C00ABAFA4 /* Vanilla_Easy.swift */; };
		3FF03A771D1DEFBB009180B2 /* GameOverNode.swift in Sources */ = {isa = PBXBuildFile; fileRef = 3FF03A761D1DEFBB009180B2 /* GameOverNode.swift */; };
		3FF823101D246EC400B4ECCD /* Switch.caf in Resources */ = {isa = PBXBuildFile; fileRef = 3FF8230F1D246EC400B4ECCD /* Switch.caf */; };
		3FF823141D248BB000B4ECCD /* GameOver.wav in Resources */ = {isa = PBXBuildFile; fileRef = 3FF823131D248BB000B4ECCD /* GameOver.wav */; };
		3FF823161D248CF900B4ECCD /* Win.wav in Resources */ = {isa = PBXBuildFile; fileRef = 3FF823151D248CF900B4ECCD /* Win.wav */; };
		3FF8EB3E1D1C65840049A07F /* AppDelegate.swift in Sources */ = {isa = PBXBuildFile; fileRef = 3FF8EB3D1D1C65840049A07F /* AppDelegate.swift */; };
		3FF8EB401D1C65840049A07F /* GameScene.sks in Resources */ = {isa = PBXBuildFile; fileRef = 3FF8EB3F1D1C65840049A07F /* GameScene.sks */; };
		3FF8EB421D1C65840049A07F /* BaseGameScene.swift in Sources */ = {isa = PBXBuildFile; fileRef = 3FF8EB411D1C65840049A07F /* BaseGameScene.swift */; };
		3FF8EB441D1C65840049A07F /* GameViewController.swift in Sources */ = {isa = PBXBuildFile; fileRef = 3FF8EB431D1C65840049A07F /* GameViewController.swift */; };
		3FF8EB471D1C65840049A07F /* Main.storyboard in Resources */ = {isa = PBXBuildFile; fileRef = 3FF8EB451D1C65840049A07F /* Main.storyboard */; };
		3FF8EB491D1C65840049A07F /* Assets.xcassets in Resources */ = {isa = PBXBuildFile; fileRef = 3FF8EB481D1C65840049A07F /* Assets.xcassets */; };
		3FF8EB4C1D1C65840049A07F /* LaunchScreen.storyboard in Resources */ = {isa = PBXBuildFile; fileRef = 3FF8EB4A1D1C65840049A07F /* LaunchScreen.storyboard */; };
		3FF8EB541D1C7E450049A07F /* TouchPad.swift in Sources */ = {isa = PBXBuildFile; fileRef = 3FF8EB531D1C7E450049A07F /* TouchPad.swift */; };
		3FF8EB561D1C9A080049A07F /* ColorExtension.swift in Sources */ = {isa = PBXBuildFile; fileRef = 3FF8EB551D1C9A080049A07F /* ColorExtension.swift */; };
/* End PBXBuildFile section */

/* Begin PBXFileReference section */
		3F17F40F1D357BC60050865F /* Moving.swift */ = {isa = PBXFileReference; fileEncoding = 4; lastKnownFileType = sourcecode.swift; path = Moving.swift; sourceTree = "<group>"; };
		3F1C77E41D2DAC8300FA8A81 /* LevelsViewController.swift */ = {isa = PBXFileReference; fileEncoding = 4; lastKnownFileType = sourcecode.swift; path = LevelsViewController.swift; sourceTree = "<group>"; };
		3F1CD3701D311C6F00A57288 /* Motion.swift */ = {isa = PBXFileReference; fileEncoding = 4; lastKnownFileType = sourcecode.swift; path = Motion.swift; sourceTree = "<group>"; };
		3F1CD3721D31356100A57288 /* MotionMulti.swift */ = {isa = PBXFileReference; fileEncoding = 4; lastKnownFileType = sourcecode.swift; path = MotionMulti.swift; sourceTree = "<group>"; };
		3F1CD3741D3135C300A57288 /* MotionBigSmall.swift */ = {isa = PBXFileReference; fileEncoding = 4; lastKnownFileType = sourcecode.swift; path = MotionBigSmall.swift; sourceTree = "<group>"; };
		3F1CD3761D313A2100A57288 /* Levels_Protocols.swift */ = {isa = PBXFileReference; fileEncoding = 4; lastKnownFileType = sourcecode.swift; path = Levels_Protocols.swift; sourceTree = "<group>"; };
		3F26F9701D30B7F8006EC3F7 /* Bigs_and_Smalls.swift */ = {isa = PBXFileReference; fileEncoding = 4; lastKnownFileType = sourcecode.swift; path = Bigs_and_Smalls.swift; sourceTree = "<group>"; };
		3F2AED121D3039B700206EA0 /* MultiTouch.swift */ = {isa = PBXFileReference; fileEncoding = 4; lastKnownFileType = sourcecode.swift; path = MultiTouch.swift; sourceTree = "<group>"; };
		3F7214971D2821BB00EF9399 /* LevelConfigurations.plist */ = {isa = PBXFileReference; fileEncoding = 4; lastKnownFileType = text.plist.xml; path = LevelConfigurations.plist; sourceTree = "<group>"; };
		3F7214991D282BB100EF9399 /* LevelConfigurations.swift */ = {isa = PBXFileReference; fileEncoding = 4; lastKnownFileType = sourcecode.swift; path = LevelConfigurations.swift; sourceTree = "<group>"; };
		3F7755EF1D32F4F4005484F1 /* Locked.swift */ = {isa = PBXFileReference; fileEncoding = 4; lastKnownFileType = sourcecode.swift; path = Locked.swift; sourceTree = "<group>"; };
		3F84AF4B1D36D137001EF670 /* LevelCell.swift */ = {isa = PBXFileReference; fileEncoding = 4; lastKnownFileType = sourcecode.swift; path = LevelCell.swift; sourceTree = "<group>"; };
		3FD28FB11D2050FA004F1964 /* Touch.caf */ = {isa = PBXFileReference; lastKnownFileType = file; path = Touch.caf; sourceTree = "<group>"; };
		3FD28FB31D2053EC004F1964 /* Alert.caf */ = {isa = PBXFileReference; lastKnownFileType = file; path = Alert.caf; sourceTree = "<group>"; };
		3FE1690A1D1ECFAD0038A7B3 /* ProgressNode.swift */ = {isa = PBXFileReference; fileEncoding = 4; lastKnownFileType = sourcecode.swift; path = ProgressNode.swift; sourceTree = "<group>"; };
		3FE49FCC1D2F259C00ABAFA4 /* Vanilla_Easy.swift */ = {isa = PBXFileReference; fileEncoding = 4; lastKnownFileType = sourcecode.swift; path = Vanilla_Easy.swift; sourceTree = "<group>"; };
		3FF03A761D1DEFBB009180B2 /* GameOverNode.swift */ = {isa = PBXFileReference; fileEncoding = 4; lastKnownFileType = sourcecode.swift; path = GameOverNode.swift; sourceTree = "<group>"; };
		3FF8230F1D246EC400B4ECCD /* Switch.caf */ = {isa = PBXFileReference; lastKnownFileType = file; path = Switch.caf; sourceTree = "<group>"; };
		3FF823131D248BB000B4ECCD /* GameOver.wav */ = {isa = PBXFileReference; lastKnownFileType = audio.wav; path = GameOver.wav; sourceTree = "<group>"; };
		3FF823151D248CF900B4ECCD /* Win.wav */ = {isa = PBXFileReference; lastKnownFileType = audio.wav; path = Win.wav; sourceTree = "<group>"; };
		3FF8EB3A1D1C65840049A07F /* TipTapTouch.app */ = {isa = PBXFileReference; explicitFileType = wrapper.application; includeInIndex = 0; path = TipTapTouch.app; sourceTree = BUILT_PRODUCTS_DIR; };
		3FF8EB3D1D1C65840049A07F /* AppDelegate.swift */ = {isa = PBXFileReference; lastKnownFileType = sourcecode.swift; path = AppDelegate.swift; sourceTree = "<group>"; };
		3FF8EB3F1D1C65840049A07F /* GameScene.sks */ = {isa = PBXFileReference; lastKnownFileType = file.sks; path = GameScene.sks; sourceTree = "<group>"; };
		3FF8EB411D1C65840049A07F /* BaseGameScene.swift */ = {isa = PBXFileReference; lastKnownFileType = sourcecode.swift; path = BaseGameScene.swift; sourceTree = "<group>"; };
		3FF8EB431D1C65840049A07F /* GameViewController.swift */ = {isa = PBXFileReference; lastKnownFileType = sourcecode.swift; path = GameViewController.swift; sourceTree = "<group>"; };
		3FF8EB461D1C65840049A07F /* Base */ = {isa = PBXFileReference; lastKnownFileType = file.storyboard; name = Base; path = Base.lproj/Main.storyboard; sourceTree = "<group>"; };
		3FF8EB481D1C65840049A07F /* Assets.xcassets */ = {isa = PBXFileReference; lastKnownFileType = folder.assetcatalog; path = Assets.xcassets; sourceTree = "<group>"; };
		3FF8EB4B1D1C65840049A07F /* Base */ = {isa = PBXFileReference; lastKnownFileType = file.storyboard; name = Base; path = Base.lproj/LaunchScreen.storyboard; sourceTree = "<group>"; };
		3FF8EB4D1D1C65840049A07F /* Info.plist */ = {isa = PBXFileReference; lastKnownFileType = text.plist.xml; path = Info.plist; sourceTree = "<group>"; };
		3FF8EB531D1C7E450049A07F /* TouchPad.swift */ = {isa = PBXFileReference; fileEncoding = 4; lastKnownFileType = sourcecode.swift; path = TouchPad.swift; sourceTree = "<group>"; };
		3FF8EB551D1C9A080049A07F /* ColorExtension.swift */ = {isa = PBXFileReference; fileEncoding = 4; lastKnownFileType = sourcecode.swift; path = ColorExtension.swift; sourceTree = "<group>"; };
/* End PBXFileReference section */

/* Begin PBXFrameworksBuildPhase section */
		3FF8EB371D1C65840049A07F /* Frameworks */ = {
			isa = PBXFrameworksBuildPhase;
			buildActionMask = 2147483647;
			files = (
			);
			runOnlyForDeploymentPostprocessing = 0;
		};
/* End PBXFrameworksBuildPhase section */

/* Begin PBXGroup section */
		3FD28FB01D2050D4004F1964 /* Sounds */ = {
			isa = PBXGroup;
			children = (
				3FD28FB31D2053EC004F1964 /* Alert.caf */,
				3FF8230F1D246EC400B4ECCD /* Switch.caf */,
				3FD28FB11D2050FA004F1964 /* Touch.caf */,
				3FF823131D248BB000B4ECCD /* GameOver.wav */,
				3FF823151D248CF900B4ECCD /* Win.wav */,
			);
			name = Sounds;
			sourceTree = "<group>";
		};
		3FE49FCB1D2F244B00ABAFA4 /* Levels */ = {
			isa = PBXGroup;
			children = (
				3FF8EB411D1C65840049A07F /* BaseGameScene.swift */,
				3FE49FCC1D2F259C00ABAFA4 /* Vanilla_Easy.swift */,
				3F2AED121D3039B700206EA0 /* MultiTouch.swift */,
				3F17F40F1D357BC60050865F /* Moving.swift */,
				3F7755EF1D32F4F4005484F1 /* Locked.swift */,
				3F26F9701D30B7F8006EC3F7 /* Bigs_and_Smalls.swift */,
				3F1CD3701D311C6F00A57288 /* Motion.swift */,
				3F1CD3721D31356100A57288 /* MotionMulti.swift */,
				3F1CD3741D3135C300A57288 /* MotionBigSmall.swift */,
				3F1CD3761D313A2100A57288 /* Levels_Protocols.swift */,
			);
			name = Levels;
			sourceTree = "<group>";
		};
		3FF8EB311D1C65840049A07F = {
			isa = PBXGroup;
			children = (
				3FF8EB3C1D1C65840049A07F /* TipTapTop */,
				3FF8EB3B1D1C65840049A07F /* Products */,
			);
			sourceTree = "<group>";
		};
		3FF8EB3B1D1C65840049A07F /* Products */ = {
			isa = PBXGroup;
			children = (
				3FF8EB3A1D1C65840049A07F /* TipTapTouch.app */,
			);
			name = Products;
			sourceTree = "<group>";
		};
		3FF8EB3C1D1C65840049A07F /* TipTapTop */ = {
			isa = PBXGroup;
			children = (
				3FE49FCB1D2F244B00ABAFA4 /* Levels */,
				3FD28FB01D2050D4004F1964 /* Sounds */,
				3FF8EB3D1D1C65840049A07F /* AppDelegate.swift */,
				3F7214991D282BB100EF9399 /* LevelConfigurations.swift */,
				3F7214971D2821BB00EF9399 /* LevelConfigurations.plist */,
				3F1C77E41D2DAC8300FA8A81 /* LevelsViewController.swift */,
				3F84AF4B1D36D137001EF670 /* LevelCell.swift */,
				3FF8EB531D1C7E450049A07F /* TouchPad.swift */,
				3FF03A761D1DEFBB009180B2 /* GameOverNode.swift */,
				3FE1690A1D1ECFAD0038A7B3 /* ProgressNode.swift */,
				3FF8EB551D1C9A080049A07F /* ColorExtension.swift */,
				3FF8EB431D1C65840049A07F /* GameViewController.swift */,
				3FF8EB451D1C65840049A07F /* Main.storyboard */,
				3FF8EB481D1C65840049A07F /* Assets.xcassets */,
				3FF8EB4A1D1C65840049A07F /* LaunchScreen.storyboard */,
				3FF8EB4D1D1C65840049A07F /* Info.plist */,
				3FF8EB3F1D1C65840049A07F /* GameScene.sks */,
			);
			path = TipTapTop;
			sourceTree = "<group>";
		};
/* End PBXGroup section */

/* Begin PBXNativeTarget section */
		3FF8EB391D1C65840049A07F /* TipTapTouch */ = {
			isa = PBXNativeTarget;
			buildConfigurationList = 3FF8EB501D1C65840049A07F /* Build configuration list for PBXNativeTarget "TipTapTouch" */;
			buildPhases = (
				3FF8EB361D1C65840049A07F /* Sources */,
				3FF8EB371D1C65840049A07F /* Frameworks */,
				3FF8EB381D1C65840049A07F /* Resources */,
			);
			buildRules = (
			);
			dependencies = (
			);
			name = TipTapTouch;
			productName = TipTapTop;
			productReference = 3FF8EB3A1D1C65840049A07F /* TipTapTouch.app */;
			productType = "com.apple.product-type.application";
		};
/* End PBXNativeTarget section */

/* Begin PBXProject section */
		3FF8EB321D1C65840049A07F /* Project object */ = {
			isa = PBXProject;
			attributes = {
				LastSwiftUpdateCheck = 0730;
				LastUpgradeCheck = 0730;
				ORGANIZATIONNAME = "Julien Frisch";
				TargetAttributes = {
					3FF8EB391D1C65840049A07F = {
						CreatedOnToolsVersion = 7.3.1;
					};
				};
			};
			buildConfigurationList = 3FF8EB351D1C65840049A07F /* Build configuration list for PBXProject "TipTapTouch" */;
			compatibilityVersion = "Xcode 3.2";
			developmentRegion = English;
			hasScannedForEncodings = 0;
			knownRegions = (
				en,
				Base,
			);
			mainGroup = 3FF8EB311D1C65840049A07F;
			productRefGroup = 3FF8EB3B1D1C65840049A07F /* Products */;
			projectDirPath = "";
			projectRoot = "";
			targets = (
				3FF8EB391D1C65840049A07F /* TipTapTouch */,
			);
		};
/* End PBXProject section */

/* Begin PBXResourcesBuildPhase section */
		3FF8EB381D1C65840049A07F /* Resources */ = {
			isa = PBXResourcesBuildPhase;
			buildActionMask = 2147483647;
			files = (
				3FF8EB401D1C65840049A07F /* GameScene.sks in Resources */,
				3FF823161D248CF900B4ECCD /* Win.wav in Resources */,
				3F7214981D2821BB00EF9399 /* LevelConfigurations.plist in Resources */,
				3FF8EB4C1D1C65840049A07F /* LaunchScreen.storyboard in Resources */,
				3FF823141D248BB000B4ECCD /* GameOver.wav in Resources */,
				3FF823101D246EC400B4ECCD /* Switch.caf in Resources */,
				3FF8EB491D1C65840049A07F /* Assets.xcassets in Resources */,
				3FD28FB61D2053EC004F1964 /* Alert.caf in Resources */,
				3FD28FB21D2050FA004F1964 /* Touch.caf in Resources */,
				3FF8EB471D1C65840049A07F /* Main.storyboard in Resources */,
			);
			runOnlyForDeploymentPostprocessing = 0;
		};
/* End PBXResourcesBuildPhase section */

/* Begin PBXSourcesBuildPhase section */
		3FF8EB361D1C65840049A07F /* Sources */ = {
			isa = PBXSourcesBuildPhase;
			buildActionMask = 2147483647;
			files = (
				3F1CD3771D313A2100A57288 /* Levels_Protocols.swift in Sources */,
				3FE49FCD1D2F259C00ABAFA4 /* Vanilla_Easy.swift in Sources */,
				3F1CD3731D31356100A57288 /* MotionMulti.swift in Sources */,
				3F1C77E51D2DAC8300FA8A81 /* LevelsViewController.swift in Sources */,
				3FF8EB541D1C7E450049A07F /* TouchPad.swift in Sources */,
				3F1CD3751D3135C300A57288 /* MotionBigSmall.swift in Sources */,
				3FF8EB421D1C65840049A07F /* BaseGameScene.swift in Sources */,
				3F7755F01D32F4F4005484F1 /* Locked.swift in Sources */,
				3F1CD3711D311C6F00A57288 /* Motion.swift in Sources */,
				3F17F4101D357BC60050865F /* Moving.swift in Sources */,
				3FF8EB441D1C65840049A07F /* GameViewController.swift in Sources */,
				3FF8EB3E1D1C65840049A07F /* AppDelegate.swift in Sources */,
				3F84AF4C1D36D137001EF670 /* LevelCell.swift in Sources */,
				3FE1690B1D1ECFAD0038A7B3 /* ProgressNode.swift in Sources */,
				3FF8EB561D1C9A080049A07F /* ColorExtension.swift in Sources */,
				3FF03A771D1DEFBB009180B2 /* GameOverNode.swift in Sources */,
				3F72149A1D282BB100EF9399 /* LevelConfigurations.swift in Sources */,
				3F2AED131D3039B700206EA0 /* MultiTouch.swift in Sources */,
				3F26F9711D30B7F8006EC3F7 /* Bigs_and_Smalls.swift in Sources */,
			);
			runOnlyForDeploymentPostprocessing = 0;
		};
/* End PBXSourcesBuildPhase section */

/* Begin PBXVariantGroup section */
		3FF8EB451D1C65840049A07F /* Main.storyboard */ = {
			isa = PBXVariantGroup;
			children = (
				3FF8EB461D1C65840049A07F /* Base */,
			);
			name = Main.storyboard;
			sourceTree = "<group>";
		};
		3FF8EB4A1D1C65840049A07F /* LaunchScreen.storyboard */ = {
			isa = PBXVariantGroup;
			children = (
				3FF8EB4B1D1C65840049A07F /* Base */,
			);
			name = LaunchScreen.storyboard;
			sourceTree = "<group>";
		};
/* End PBXVariantGroup section */

/* Begin XCBuildConfiguration section */
		3FF8EB4E1D1C65840049A07F /* Debug */ = {
			isa = XCBuildConfiguration;
			buildSettings = {
				ALWAYS_SEARCH_USER_PATHS = NO;
				CLANG_ANALYZER_NONNULL = YES;
				CLANG_CXX_LANGUAGE_STANDARD = "gnu++0x";
				CLANG_CXX_LIBRARY = "libc++";
				CLANG_ENABLE_MODULES = YES;
				CLANG_ENABLE_OBJC_ARC = YES;
				CLANG_WARN_BOOL_CONVERSION = YES;
				CLANG_WARN_CONSTANT_CONVERSION = YES;
				CLANG_WARN_DIRECT_OBJC_ISA_USAGE = YES_ERROR;
				CLANG_WARN_EMPTY_BODY = YES;
				CLANG_WARN_ENUM_CONVERSION = YES;
				CLANG_WARN_INT_CONVERSION = YES;
				CLANG_WARN_OBJC_ROOT_CLASS = YES_ERROR;
				CLANG_WARN_UNREACHABLE_CODE = YES;
				CLANG_WARN__DUPLICATE_METHOD_MATCH = YES;
				"CODE_SIGN_IDENTITY[sdk=iphoneos*]" = "iPhone Developer";
				COPY_PHASE_STRIP = NO;
				DEBUG_INFORMATION_FORMAT = "dwarf-with-dsym";
				ENABLE_STRICT_OBJC_MSGSEND = YES;
				ENABLE_TESTABILITY = YES;
				GCC_C_LANGUAGE_STANDARD = gnu99;
				GCC_DYNAMIC_NO_PIC = NO;
				GCC_NO_COMMON_BLOCKS = YES;
				GCC_OPTIMIZATION_LEVEL = 0;
				GCC_PREPROCESSOR_DEFINITIONS = (
					"DEBUG=1",
					"$(inherited)",
				);
				GCC_WARN_64_TO_32_BIT_CONVERSION = YES;
				GCC_WARN_ABOUT_RETURN_TYPE = YES_ERROR;
				GCC_WARN_UNDECLARED_SELECTOR = YES;
				GCC_WARN_UNINITIALIZED_AUTOS = YES_AGGRESSIVE;
				GCC_WARN_UNUSED_FUNCTION = YES;
				GCC_WARN_UNUSED_VARIABLE = YES;
				IPHONEOS_DEPLOYMENT_TARGET = 9.3;
				MTL_ENABLE_DEBUG_INFO = YES;
				ONLY_ACTIVE_ARCH = YES;
				SDKROOT = iphoneos;
				SWIFT_OPTIMIZATION_LEVEL = "-Onone";
			};
			name = Debug;
		};
		3FF8EB4F1D1C65840049A07F /* Release */ = {
			isa = XCBuildConfiguration;
			buildSettings = {
				ALWAYS_SEARCH_USER_PATHS = NO;
				CLANG_ANALYZER_NONNULL = YES;
				CLANG_CXX_LANGUAGE_STANDARD = "gnu++0x";
				CLANG_CXX_LIBRARY = "libc++";
				CLANG_ENABLE_MODULES = YES;
				CLANG_ENABLE_OBJC_ARC = YES;
				CLANG_WARN_BOOL_CONVERSION = YES;
				CLANG_WARN_CONSTANT_CONVERSION = YES;
				CLANG_WARN_DIRECT_OBJC_ISA_USAGE = YES_ERROR;
				CLANG_WARN_EMPTY_BODY = YES;
				CLANG_WARN_ENUM_CONVERSION = YES;
				CLANG_WARN_INT_CONVERSION = YES;
				CLANG_WARN_OBJC_ROOT_CLASS = YES_ERROR;
				CLANG_WARN_UNREACHABLE_CODE = YES;
				CLANG_WARN__DUPLICATE_METHOD_MATCH = YES;
				"CODE_SIGN_IDENTITY[sdk=iphoneos*]" = "iPhone Developer";
				COPY_PHASE_STRIP = NO;
				DEBUG_INFORMATION_FORMAT = "dwarf-with-dsym";
				ENABLE_NS_ASSERTIONS = NO;
				ENABLE_STRICT_OBJC_MSGSEND = YES;
				GCC_C_LANGUAGE_STANDARD = gnu99;
				GCC_NO_COMMON_BLOCKS = YES;
				GCC_WARN_64_TO_32_BIT_CONVERSION = YES;
				GCC_WARN_ABOUT_RETURN_TYPE = YES_ERROR;
				GCC_WARN_UNDECLARED_SELECTOR = YES;
				GCC_WARN_UNINITIALIZED_AUTOS = YES_AGGRESSIVE;
				GCC_WARN_UNUSED_FUNCTION = YES;
				GCC_WARN_UNUSED_VARIABLE = YES;
				IPHONEOS_DEPLOYMENT_TARGET = 9.3;
				MTL_ENABLE_DEBUG_INFO = NO;
				SDKROOT = iphoneos;
				VALIDATE_PRODUCT = YES;
			};
			name = Release;
		};
		3FF8EB511D1C65840049A07F /* Debug */ = {
			isa = XCBuildConfiguration;
			buildSettings = {
				ASSETCATALOG_COMPILER_APPICON_NAME = AppIcon;
				INFOPLIST_FILE = TipTapTop/Info.plist;
				LD_RUNPATH_SEARCH_PATHS = "$(inherited) @executable_path/Frameworks";
				PRODUCT_BUNDLE_IDENTIFIER = com.JuJuLab.TipTapTop;
				PRODUCT_NAME = TipTapTouch;
			};
			name = Debug;
		};
		3FF8EB521D1C65840049A07F /* Release */ = {
			isa = XCBuildConfiguration;
			buildSettings = {
				ASSETCATALOG_COMPILER_APPICON_NAME = AppIcon;
				INFOPLIST_FILE = TipTapTop/Info.plist;
				LD_RUNPATH_SEARCH_PATHS = "$(inherited) @executable_path/Frameworks";
				PRODUCT_BUNDLE_IDENTIFIER = com.JuJuLab.TipTapTop;
				PRODUCT_NAME = TipTapTouch;
			};
			name = Release;
		};
/* End XCBuildConfiguration section */

/* Begin XCConfigurationList section */
		3FF8EB351D1C65840049A07F /* Build configuration list for PBXProject "TipTapTouch" */ = {
			isa = XCConfigurationList;
			buildConfigurations = (
				3FF8EB4E1D1C65840049A07F /* Debug */,
				3FF8EB4F1D1C65840049A07F /* Release */,
			);
			defaultConfigurationIsVisible = 0;
			defaultConfigurationName = Release;
		};
		3FF8EB501D1C65840049A07F /* Build configuration list for PBXNativeTarget "TipTapTouch" */ = {
			isa = XCConfigurationList;
			buildConfigurations = (
				3FF8EB511D1C65840049A07F /* Debug */,
				3FF8EB521D1C65840049A07F /* Release */,
			);
			defaultConfigurationIsVisible = 0;
			defaultConfigurationName = Release;
		};
/* End XCConfigurationList section */
	};
	rootObject = 3FF8EB321D1C65840049A07F /* Project object */;
}
